
Microsoft Visual Studio Solution File, Format Version 12.00
# Visual Studio Version 17
VisualStudioVersion = 17.6.33815.320
MinimumVisualStudioVersion = 10.0.40219.1
Project("{FAE04EC0-301F-11D3-BF4B-00C04F79EFBC}") = "S5-1.14", "S5-1.14\S5-1.14.csproj", "{E8CB0EB3-6F68-4EC0-A21D-CA60A3E8CA22}"
EndProject
Global
	GlobalSection(SolutionConfigurationPlatforms) = preSolution
		Debug|Any CPU = Debug|Any CPU
		Release|Any CPU = Release|Any CPU
	EndGlobalSection
	GlobalSection(ProjectConfigurationPlatforms) = postSolution
		{E8CB0EB3-6F68-4EC0-A21D-CA60A3E8CA22}.Debug|Any CPU.ActiveCfg = Debug|Any CPU
		{E8CB0EB3-6F68-4EC0-A21D-CA60A3E8CA22}.Debug|Any CPU.Build.0 = Debug|Any CPU
		{E8CB0EB3-6F68-4EC0-A21D-CA60A3E8CA22}.Release|Any CPU.ActiveCfg = Release|Any CPU
		{E8CB0EB3-6F68-4EC0-A21D-CA60A3E8CA22}.Release|Any CPU.Build.0 = Release|Any CPU
	EndGlobalSection
	GlobalSection(SolutionProperties) = preSolution
		HideSolutionNode = FALSE
	EndGlobalSection
	GlobalSection(ExtensibilityGlobals) = postSolution
		SolutionGuid = {39F5B4DB-6C2C-416F-A6A6-52B61E76D75B}
	EndGlobalSection
EndGlobal
